// !$*UTF8*$!
{
	archiveVersion = 1;
	classes = {
	};
	objectVersion = 50;
	objects = {

/* Begin PBXBuildFile section */
		13314FCA22524240001853D9 /* AppDelegate.swift in Sources */ = {isa = PBXBuildFile; fileRef = 13314FC922524240001853D9 /* AppDelegate.swift */; };
		13314FCC22524240001853D9 /* ViewController.swift in Sources */ = {isa = PBXBuildFile; fileRef = 13314FCB22524240001853D9 /* ViewController.swift */; };
		13314FCF22524240001853D9 /* Main.storyboard in Resources */ = {isa = PBXBuildFile; fileRef = 13314FCD22524240001853D9 /* Main.storyboard */; };
		13314FD122524243001853D9 /* Assets.xcassets in Resources */ = {isa = PBXBuildFile; fileRef = 13314FD022524243001853D9 /* Assets.xcassets */; };
		13314FD422524243001853D9 /* LaunchScreen.storyboard in Resources */ = {isa = PBXBuildFile; fileRef = 13314FD222524243001853D9 /* LaunchScreen.storyboard */; };
		44435B75E957339DF3585CC5 /* Pods_RxProj.framework in Frameworks */ = {isa = PBXBuildFile; fileRef = 85CC5336B1A28569A4F76FF7 /* Pods_RxProj.framework */; };
/* End PBXBuildFile section */

/* Begin PBXFileReference section */
		0331235E352EA9E27BE8D88D /* Pods-RxProj.debug.xcconfig */ = {isa = PBXFileReference; includeInIndex = 1; lastKnownFileType = text.xcconfig; name = "Pods-RxProj.debug.xcconfig"; path = "Pods/Target Support Files/Pods-RxProj/Pods-RxProj.debug.xcconfig"; sourceTree = "<group>"; };
		13314FC622524240001853D9 /* RxProj.app */ = {isa = PBXFileReference; explicitFileType = wrapper.application; includeInIndex = 0; path = RxProj.app; sourceTree = BUILT_PRODUCTS_DIR; };
		13314FC922524240001853D9 /* AppDelegate.swift */ = {isa = PBXFileReference; lastKnownFileType = sourcecode.swift; path = AppDelegate.swift; sourceTree = "<group>"; };
		13314FCB22524240001853D9 /* ViewController.swift */ = {isa = PBXFileReference; lastKnownFileType = sourcecode.swift; path = ViewController.swift; sourceTree = "<group>"; };
		13314FCE22524240001853D9 /* Base */ = {isa = PBXFileReference; lastKnownFileType = file.storyboard; name = Base; path = Base.lproj/Main.storyboard; sourceTree = "<group>"; };
		13314FD022524243001853D9 /* Assets.xcassets */ = {isa = PBXFileReference; lastKnownFileType = folder.assetcatalog; path = Assets.xcassets; sourceTree = "<group>"; };
		13314FD322524243001853D9 /* Base */ = {isa = PBXFileReference; lastKnownFileType = file.storyboard; name = Base; path = Base.lproj/LaunchScreen.storyboard; sourceTree = "<group>"; };
		13314FD522524243001853D9 /* Info.plist */ = {isa = PBXFileReference; lastKnownFileType = text.plist.xml; path = Info.plist; sourceTree = "<group>"; };
		13314FDD22524EA4001853D9 /* RxPlay.playground */ = {isa = PBXFileReference; lastKnownFileType = file.playground; path = RxPlay.playground; sourceTree = "<group>"; xcLanguageSpecificationIdentifier = xcode.lang.swift; };
		4EC25068956EA72A72E41B00 /* Pods-RxProj.release.xcconfig */ = {isa = PBXFileReference; includeInIndex = 1; lastKnownFileType = text.xcconfig; name = "Pods-RxProj.release.xcconfig"; path = "Pods/Target Support Files/Pods-RxProj/Pods-RxProj.release.xcconfig"; sourceTree = "<group>"; };
		85CC5336B1A28569A4F76FF7 /* Pods_RxProj.framework */ = {isa = PBXFileReference; explicitFileType = wrapper.framework; includeInIndex = 0; path = Pods_RxProj.framework; sourceTree = BUILT_PRODUCTS_DIR; };
/* End PBXFileReference section */

/* Begin PBXFrameworksBuildPhase section */
		13314FC322524240001853D9 /* Frameworks */ = {
			isa = PBXFrameworksBuildPhase;
			buildActionMask = 2147483647;
			files = (
				44435B75E957339DF3585CC5 /* Pods_RxProj.framework in Frameworks */,
			);
			runOnlyForDeploymentPostprocessing = 0;
		};
/* End PBXFrameworksBuildPhase section */

/* Begin PBXGroup section */
		13314FBD22524240001853D9 = {
			isa = PBXGroup;
			children = (
				13314FC822524240001853D9 /* RxProj */,
				13314FC722524240001853D9 /* Products */,
				BBE712698129E6BA7F50F6FD /* Pods */,
				4C214DB16692838221D5B30D /* Frameworks */,
			);
			sourceTree = "<group>";
		};
		13314FC722524240001853D9 /* Products */ = {
			isa = PBXGroup;
			children = (
				13314FC622524240001853D9 /* RxProj.app */,
			);
			name = Products;
			sourceTree = "<group>";
		};
		13314FC822524240001853D9 /* RxProj */ = {
			isa = PBXGroup;
			children = (
				13314FDD22524EA4001853D9 /* RxPlay.playground */,
				13314FC922524240001853D9 /* AppDelegate.swift */,
				13314FCB22524240001853D9 /* ViewController.swift */,
				13314FCD22524240001853D9 /* Main.storyboard */,
				13314FD022524243001853D9 /* Assets.xcassets */,
				13314FD222524243001853D9 /* LaunchScreen.storyboard */,
				13314FD522524243001853D9 /* Info.plist */,
			);
			path = RxProj;
			sourceTree = "<group>";
		};
		4C214DB16692838221D5B30D /* Frameworks */ = {
			isa = PBXGroup;
			children = (
				85CC5336B1A28569A4F76FF7 /* Pods_RxProj.framework */,
			);
			name = Frameworks;
			sourceTree = "<group>";
		};
		BBE712698129E6BA7F50F6FD /* Pods */ = {
			isa = PBXGroup;
			children = (
				0331235E352EA9E27BE8D88D /* Pods-RxProj.debug.xcconfig */,
				4EC25068956EA72A72E41B00 /* Pods-RxProj.release.xcconfig */,
			);
			name = Pods;
			sourceTree = "<group>";
		};
/* End PBXGroup section */

/* Begin PBXNativeTarget section */
		13314FC522524240001853D9 /* RxProj */ = {
			isa = PBXNativeTarget;
			buildConfigurationList = 13314FD822524243001853D9 /* Build configuration list for PBXNativeTarget "RxProj" */;
			buildPhases = (
				4CC72E0EC8C15830E5799982 /* [CP] Check Pods Manifest.lock */,
				13314FC222524240001853D9 /* Sources */,
				13314FC322524240001853D9 /* Frameworks */,
				13314FC422524240001853D9 /* Resources */,
				C9ECBC72C2D66BA8BA8602E1 /* [CP] Embed Pods Frameworks */,
			);
			buildRules = (
			);
			dependencies = (
			);
			name = RxProj;
			productName = RxProj;
			productReference = 13314FC622524240001853D9 /* RxProj.app */;
			productType = "com.apple.product-type.application";
		};
/* End PBXNativeTarget section */

/* Begin PBXProject section */
		13314FBE22524240001853D9 /* Project object */ = {
			isa = PBXProject;
			attributes = {
				LastSwiftUpdateCheck = 1020;
				LastUpgradeCheck = 1020;
				ORGANIZATIONNAME = com.abhinav;
				TargetAttributes = {
					13314FC522524240001853D9 = {
						CreatedOnToolsVersion = 10.2;
					};
				};
			};
			buildConfigurationList = 13314FC122524240001853D9 /* Build configuration list for PBXProject "RxProj" */;
			compatibilityVersion = "Xcode 9.3";
			developmentRegion = en;
			hasScannedForEncodings = 0;
			knownRegions = (
				en,
				Base,
			);
			mainGroup = 13314FBD22524240001853D9;
			productRefGroup = 13314FC722524240001853D9 /* Products */;
			projectDirPath = "";
			projectRoot = "";
			targets = (
				13314FC522524240001853D9 /* RxProj */,
			);
		};
/* End PBXProject section */

/* Begin PBXResourcesBuildPhase section */
		13314FC422524240001853D9 /* Resources */ = {
			isa = PBXResourcesBuildPhase;
			buildActionMask = 2147483647;
			files = (
				13314FD422524243001853D9 /* LaunchScreen.storyboard in Resources */,
				13314FD122524243001853D9 /* Assets.xcassets in Resources */,
				13314FCF22524240001853D9 /* Main.storyboard in Resources */,
			);
			runOnlyForDeploymentPostprocessing = 0;
		};
/* End PBXResourcesBuildPhase section */

/* Begin PBXShellScriptBuildPhase section */
		4CC72E0EC8C15830E5799982 /* [CP] Check Pods Manifest.lock */ = {
			isa = PBXShellScriptBuildPhase;
			buildActionMask = 2147483647;
			files = (
			);
			inputPaths = (
				"${PODS_PODFILE_DIR_PATH}/Podfile.lock",
				"${PODS_ROOT}/Manifest.lock",
			);
			name = "[CP] Check Pods Manifest.lock";
			outputPaths = (
				"$(DERIVED_FILE_DIR)/Pods-RxProj-checkManifestLockResult.txt",
			);
			runOnlyForDeploymentPostprocessing = 0;
			shellPath = /bin/sh;
			shellScript = "diff \"${PODS_PODFILE_DIR_PATH}/Podfile.lock\" \"${PODS_ROOT}/Manifest.lock\" > /dev/null\nif [ $? != 0 ] ; then\n    # print error to STDERR\n    echo \"error: The sandbox is not in sync with the Podfile.lock. Run 'pod install' or update your CocoaPods installation.\" >&2\n    exit 1\nfi\n# This output is used by Xcode 'outputs' to avoid re-running this script phase.\necho \"SUCCESS\" > \"${SCRIPT_OUTPUT_FILE_0}\"\n";
			showEnvVarsInLog = 0;
		};
		C9ECBC72C2D66BA8BA8602E1 /* [CP] Embed Pods Frameworks */ = {
			isa = PBXShellScriptBuildPhase;
			buildActionMask = 2147483647;
			files = (
			);
			inputPaths = (
				"${SRCROOT}/Pods/Target Support Files/Pods-RxProj/Pods-RxProj-frameworks.sh",
				"${BUILT_PRODUCTS_DIR}/RxAtomic/RxAtomic.framework",
				"${BUILT_PRODUCTS_DIR}/RxSwift/RxSwift.framework",
			);
			name = "[CP] Embed Pods Frameworks";
			outputPaths = (
				"${TARGET_BUILD_DIR}/${FRAMEWORKS_FOLDER_PATH}/RxAtomic.framework",
				"${TARGET_BUILD_DIR}/${FRAMEWORKS_FOLDER_PATH}/RxSwift.framework",
			);
			runOnlyForDeploymentPostprocessing = 0;
			shellPath = /bin/sh;
			shellScript = "\"${SRCROOT}/Pods/Target Support Files/Pods-RxProj/Pods-RxProj-frameworks.sh\"\n";
			showEnvVarsInLog = 0;
		};
/* End PBXShellScriptBuildPhase section */

/* Begin PBXSourcesBuildPhase section */
		13314FC222524240001853D9 /* Sources */ = {
			isa = PBXSourcesBuildPhase;
			buildActionMask = 2147483647;
			files = (
				13314FCC22524240001853D9 /* ViewController.swift in Sources */,
				13314FCA22524240001853D9 /* AppDelegate.swift in Sources */,
			);
			runOnlyForDeploymentPostprocessing = 0;
		};
/* End PBXSourcesBuildPhase section */

/* Begin PBXVariantGroup section */
		13314FCD22524240001853D9 /* Main.storyboard */ = {
			isa = PBXVariantGroup;
			children = (
				13314FCE22524240001853D9 /* Base */,
			);
			name = Main.storyboard;
			sourceTree = "<group>";
		};
		13314FD222524243001853D9 /* LaunchScreen.storyboard */ = {
			isa = PBXVariantGroup;
			children = (
				13314FD322524243001853D9 /* Base */,
			);
			name = LaunchScreen.storyboard;
			sourceTree = "<group>";
		};
/* End PBXVariantGroup section */

/* Begin XCBuildConfiguration section */
		13314FD622524243001853D9 /* Debug */ = {
			isa = XCBuildConfiguration;
			buildSettings = {
				ALWAYS_SEARCH_USER_PATHS = NO;
				CLANG_ANALYZER_NONNULL = YES;
				CLANG_ANALYZER_NUMBER_OBJECT_CONVERSION = YES_AGGRESSIVE;
				CLANG_CXX_LANGUAGE_STANDARD = "gnu++14";
				CLANG_CXX_LIBRARY = "libc++";
				CLANG_ENABLE_MODULES = YES;
				CLANG_ENABLE_OBJC_ARC = YES;
				CLANG_ENABLE_OBJC_WEAK = YES;
				CLANG_WARN_BLOCK_CAPTURE_AUTORELEASING = YES;
				CLANG_WARN_BOOL_CONVERSION = YES;
				CLANG_WARN_COMMA = YES;
				CLANG_WARN_CONSTANT_CONVERSION = YES;
				CLANG_WARN_DEPRECATED_OBJC_IMPLEMENTATIONS = YES;
				CLANG_WARN_DIRECT_OBJC_ISA_USAGE = YES_ERROR;
				CLANG_WARN_DOCUMENTATION_COMMENTS = YES;
				CLANG_WARN_EMPTY_BODY = YES;
				CLANG_WARN_ENUM_CONVERSION = YES;
				CLANG_WARN_INFINITE_RECURSION = YES;
				CLANG_WARN_INT_CONVERSION = YES;
				CLANG_WARN_NON_LITERAL_NULL_CONVERSION = YES;
				CLANG_WARN_OBJC_IMPLICIT_RETAIN_SELF = YES;
				CLANG_WARN_OBJC_LITERAL_CONVERSION = YES;
				CLANG_WARN_OBJC_ROOT_CLASS = YES_ERROR;
				CLANG_WARN_RANGE_LOOP_ANALYSIS = YES;
				CLANG_WARN_STRICT_PROTOTYPES = YES;
				CLANG_WARN_SUSPICIOUS_MOVE = YES;
				CLANG_WARN_UNGUARDED_AVAILABILITY = YES_AGGRESSIVE;
				CLANG_WARN_UNREACHABLE_CODE = YES;
				CLANG_WARN__DUPLICATE_METHOD_MATCH = YES;
				CODE_SIGN_IDENTITY = "iPhone Developer";
				COPY_PHASE_STRIP = NO;
				DEBUG_INFORMATION_FORMAT = dwarf;
				ENABLE_STRICT_OBJC_MSGSEND = YES;
				ENABLE_TESTABILITY = YES;
				GCC_C_LANGUAGE_STANDARD = gnu11;
				GCC_DYNAMIC_NO_PIC = NO;
				GCC_NO_COMMON_BLOCKS = YES;
				GCC_OPTIMIZATION_LEVEL = 0;
				GCC_PREPROCESSOR_DEFINITIONS = (
					"DEBUG=1",
					"$(inherited)",
				);
				GCC_WARN_64_TO_32_BIT_CONVERSION = YES;
				GCC_WARN_ABOUT_RETURN_TYPE = YES_ERROR;
				GCC_WARN_UNDECLARED_SELECTOR = YES;
				GCC_WARN_UNINITIALIZED_AUTOS = YES_AGGRESSIVE;
				GCC_WARN_UNUSED_FUNCTION = YES;
				GCC_WARN_UNUSED_VARIABLE = YES;
				IPHONEOS_DEPLOYMENT_TARGET = 12.2;
				MTL_ENABLE_DEBUG_INFO = INCLUDE_SOURCE;
				MTL_FAST_MATH = YES;
				ONLY_ACTIVE_ARCH = YES;
				SDKROOT = iphoneos;
				SWIFT_ACTIVE_COMPILATION_CONDITIONS = DEBUG;
				SWIFT_OPTIMIZATION_LEVEL = "-Onone";
			};
			name = Debug;
		};
		13314FD722524243001853D9 /* Release */ = {
			isa = XCBuildConfiguration;
			buildSettings = {
				ALWAYS_SEARCH_USER_PATHS = NO;
				CLANG_ANALYZER_NONNULL = YES;
				CLANG_ANALYZER_NUMBER_OBJECT_CONVERSION = YES_AGGRESSIVE;
				CLANG_CXX_LANGUAGE_STANDARD = "gnu++14";
				CLANG_CXX_LIBRARY = "libc++";
				CLANG_ENABLE_MODULES = YES;
				CLANG_ENABLE_OBJC_ARC = YES;
				CLANG_ENABLE_OBJC_WEAK = YES;
				CLANG_WARN_BLOCK_CAPTURE_AUTORELEASING = YES;
				CLANG_WARN_BOOL_CONVERSION = YES;
				CLANG_WARN_COMMA = YES;
				CLANG_WARN_CONSTANT_CONVERSION = YES;
				CLANG_WARN_DEPRECATED_OBJC_IMPLEMENTATIONS = YES;
				CLANG_WARN_DIRECT_OBJC_ISA_USAGE = YES_ERROR;
				CLANG_WARN_DOCUMENTATION_COMMENTS = YES;
				CLANG_WARN_EMPTY_BODY = YES;
				CLANG_WARN_ENUM_CONVERSION = YES;
				CLANG_WARN_INFINITE_RECURSION = YES;
				CLANG_WARN_INT_CONVERSION = YES;
				CLANG_WARN_NON_LITERAL_NULL_CONVERSION = YES;
				CLANG_WARN_OBJC_IMPLICIT_RETAIN_SELF = YES;
				CLANG_WARN_OBJC_LITERAL_CONVERSION = YES;
				CLANG_WARN_OBJC_ROOT_CLASS = YES_ERROR;
				CLANG_WARN_RANGE_LOOP_ANALYSIS = YES;
				CLANG_WARN_STRICT_PROTOTYPES = YES;
				CLANG_WARN_SUSPICIOUS_MOVE = YES;
				CLANG_WARN_UNGUARDED_AVAILABILITY = YES_AGGRESSIVE;
				CLANG_WARN_UNREACHABLE_CODE = YES;
				CLANG_WARN__DUPLICATE_METHOD_MATCH = YES;
				CODE_SIGN_IDENTITY = "iPhone Developer";
				COPY_PHASE_STRIP = NO;
				DEBUG_INFORMATION_FORMAT = "dwarf-with-dsym";
				ENABLE_NS_ASSERTIONS = NO;
				ENABLE_STRICT_OBJC_MSGSEND = YES;
				GCC_C_LANGUAGE_STANDARD = gnu11;
				GCC_NO_COMMON_BLOCKS = YES;
				GCC_WARN_64_TO_32_BIT_CONVERSION = YES;
				GCC_WARN_ABOUT_RETURN_TYPE = YES_ERROR;
				GCC_WARN_UNDECLARED_SELECTOR = YES;
				GCC_WARN_UNINITIALIZED_AUTOS = YES_AGGRESSIVE;
				GCC_WARN_UNUSED_FUNCTION = YES;
				GCC_WARN_UNUSED_VARIABLE = YES;
				IPHONEOS_DEPLOYMENT_TARGET = 12.2;
				MTL_ENABLE_DEBUG_INFO = NO;
				MTL_FAST_MATH = YES;
				SDKROOT = iphoneos;
				SWIFT_COMPILATION_MODE = wholemodule;
				SWIFT_OPTIMIZATION_LEVEL = "-O";
				VALIDATE_PRODUCT = YES;
			};
			name = Release;
		};
		13314FD922524243001853D9 /* Debug */ = {
			isa = XCBuildConfiguration;
			baseConfigurationReference = 0331235E352EA9E27BE8D88D /* Pods-RxProj.debug.xcconfig */;
			buildSettings = {
				ASSETCATALOG_COMPILER_APPICON_NAME = AppIcon;
				CODE_SIGN_STYLE = Automatic;
				DEVELOPMENT_TEAM = JA8Y7JQD6S;
				INFOPLIST_FILE = RxProj/Info.plist;
				LD_RUNPATH_SEARCH_PATHS = (
					"$(inherited)",
					"@executable_path/Frameworks",
				);
				PRODUCT_BUNDLE_IDENTIFIER = com.abhinav.RxProj;
				PRODUCT_NAME = "$(TARGET_NAME)";
				SWIFT_VERSION = 5.0;
				TARGETED_DEVICE_FAMILY = "1,2";
			};
			name = Debug;
		};
		13314FDA22524243001853D9 /* Release */ = {
			isa = XCBuildConfiguration;
			baseConfigurationReference = 4EC25068956EA72A72E41B00 /* Pods-RxProj.release.xcconfig */;
			buildSettings = {
				ASSETCATALOG_COMPILER_APPICON_NAME = AppIcon;
				CODE_SIGN_STYLE = Automatic;
				DEVELOPMENT_TEAM = JA8Y7JQD6S;
				INFOPLIST_FILE = RxProj/Info.plist;
				LD_RUNPATH_SEARCH_PATHS = (
					"$(inherited)",
					"@executable_path/Frameworks",
				);
				PRODUCT_BUNDLE_IDENTIFIER = com.abhinav.RxProj;
				PRODUCT_NAME = "$(TARGET_NAME)";
				SWIFT_VERSION = 5.0;
				TARGETED_DEVICE_FAMILY = "1,2";
			};
			name = Release;
		};
/* End XCBuildConfiguration section */

/* Begin XCConfigurationList section */
		13314FC122524240001853D9 /* Build configuration list for PBXProject "RxProj" */ = {
			isa = XCConfigurationList;
			buildConfigurations = (
				13314FD622524243001853D9 /* Debug */,
				13314FD722524243001853D9 /* Release */,
			);
			defaultConfigurationIsVisible = 0;
			defaultConfigurationName = Release;
		};
		13314FD822524243001853D9 /* Build configuration list for PBXNativeTarget "RxProj" */ = {
			isa = XCConfigurationList;
			buildConfigurations = (
				13314FD922524243001853D9 /* Debug */,
				13314FDA22524243001853D9 /* Release */,
			);
			defaultConfigurationIsVisible = 0;
			defaultConfigurationName = Release;
		};
/* End XCConfigurationList section */
	};
	rootObject = 13314FBE22524240001853D9 /* Project object */;
}
